
Microsoft Visual Studio Solution File, Format Version 12.00
# Visual Studio 15
VisualStudioVersion = 15.0.28307.757
MinimumVisualStudioVersion = 10.0.40219.1
Project("{888888A0-9F3D-457C-B088-3A5042F75D52}") = "Web_Test", "FlaskWebProject1\Web_Test.pyproj", "{D633D9A8-ACC5-40C2-ABDD-8B22D4B703F6}"
EndProject
Global
	GlobalSection(SolutionConfigurationPlatforms) = preSolution
		Debug|Any CPU = Debug|Any CPU
		Release|Any CPU = Release|Any CPU
	EndGlobalSection
	GlobalSection(ProjectConfigurationPlatforms) = postSolution
		{D633D9A8-ACC5-40C2-ABDD-8B22D4B703F6}.Debug|Any CPU.ActiveCfg = Debug|Any CPU
		{D633D9A8-ACC5-40C2-ABDD-8B22D4B703F6}.Debug|Any CPU.Build.0 = Debug|Any CPU
		{D633D9A8-ACC5-40C2-ABDD-8B22D4B703F6}.Release|Any CPU.ActiveCfg = Release|Any CPU
		{D633D9A8-ACC5-40C2-ABDD-8B22D4B703F6}.Release|Any CPU.Build.0 = Release|Any CPU
	EndGlobalSection
	GlobalSection(SolutionProperties) = preSolution
		HideSolutionNode = FALSE
	EndGlobalSection
	GlobalSection(ExtensibilityGlobals) = postSolution
		SolutionGuid = {4248E0FF-1B5B-422E-A8E4-C14677D470E3}
	EndGlobalSection
EndGlobal
